// !$*UTF8*$!
{
	archiveVersion = 1;
	classes = {
	};
	objectVersion = 56;
	objects = {

/* Begin PBXBuildFile section */
		46336700299426A900CF5EA3 /* UserDetailContent.swift in Sources */ = {isa = PBXBuildFile; fileRef = 463366FF299426A900CF5EA3 /* UserDetailContent.swift */; };
		4633670229942D2C00CF5EA3 /* TabBarController.swift in Sources */ = {isa = PBXBuildFile; fileRef = 4633670129942D2C00CF5EA3 /* TabBarController.swift */; };
		46336705299452A600CF5EA3 /* CustomLabelStyle.swift in Sources */ = {isa = PBXBuildFile; fileRef = 46336704299452A600CF5EA3 /* CustomLabelStyle.swift */; };
		463367072995251000CF5EA3 /* UserEditorContent.swift in Sources */ = {isa = PBXBuildFile; fileRef = 463367062995251000CF5EA3 /* UserEditorContent.swift */; };
		46584FCA2993E1040025F539 /* list_the_usersApp.swift in Sources */ = {isa = PBXBuildFile; fileRef = 46584FC92993E1040025F539 /* list_the_usersApp.swift */; };
		46584FCC2993E1040025F539 /* UserListContent.swift in Sources */ = {isa = PBXBuildFile; fileRef = 46584FCB2993E1040025F539 /* UserListContent.swift */; };
		46584FCE2993E1060025F539 /* Assets.xcassets in Resources */ = {isa = PBXBuildFile; fileRef = 46584FCD2993E1060025F539 /* Assets.xcassets */; };
		46584FD12993E1060025F539 /* Preview Assets.xcassets in Resources */ = {isa = PBXBuildFile; fileRef = 46584FD02993E1060025F539 /* Preview Assets.xcassets */; };
		46584FDB2993EAF40025F539 /* User.swift in Sources */ = {isa = PBXBuildFile; fileRef = 46584FDA2993EAF40025F539 /* User.swift */; };
		46584FDD2993EB650025F539 /* UserResponse.swift in Sources */ = {isa = PBXBuildFile; fileRef = 46584FDC2993EB650025F539 /* UserResponse.swift */; };
		46584FDF2993ECD50025F539 /* UsersViewModel.swift in Sources */ = {isa = PBXBuildFile; fileRef = 46584FDE2993ECD50025F539 /* UsersViewModel.swift */; };
		46584FE22993EE780025F539 /* Users.json in Resources */ = {isa = PBXBuildFile; fileRef = 46584FE12993EE780025F539 /* Users.json */; };
		46584FE52993F03C0025F539 /* ApiManager.swift in Sources */ = {isa = PBXBuildFile; fileRef = 46584FE42993F03C0025F539 /* ApiManager.swift */; };
		46584FE72993F0960025F539 /* ApiHelper.swift in Sources */ = {isa = PBXBuildFile; fileRef = 46584FE62993F0960025F539 /* ApiHelper.swift */; };
		46584FE92993F0C40025F539 /* ApiError.swift in Sources */ = {isa = PBXBuildFile; fileRef = 46584FE82993F0C40025F539 /* ApiError.swift */; };
		46584FEB2993F10F0025F539 /* ApiEndpoint.swift in Sources */ = {isa = PBXBuildFile; fileRef = 46584FEA2993F10F0025F539 /* ApiEndpoint.swift */; };
		46E56DB12995E1C000CB2512 /* TestOutView.swift in Sources */ = {isa = PBXBuildFile; fileRef = 46E56DB02995E1C000CB2512 /* TestOutView.swift */; };
		46E56DB42996977A00CB2512 /* AuthenticateReturnObjct.swift in Sources */ = {isa = PBXBuildFile; fileRef = 46E56DB32996977A00CB2512 /* AuthenticateReturnObjct.swift */; };
/* End PBXBuildFile section */

/* Begin PBXFileReference section */
		463366FE2993F34C00CF5EA3 /* showPawGenerated.md */ = {isa = PBXFileReference; lastKnownFileType = net.daringfireball.markdown; path = showPawGenerated.md; sourceTree = "<group>"; };
		463366FF299426A900CF5EA3 /* UserDetailContent.swift */ = {isa = PBXFileReference; lastKnownFileType = sourcecode.swift; path = UserDetailContent.swift; sourceTree = "<group>"; };
		4633670129942D2C00CF5EA3 /* TabBarController.swift */ = {isa = PBXFileReference; lastKnownFileType = sourcecode.swift; path = TabBarController.swift; sourceTree = "<group>"; };
		46336704299452A600CF5EA3 /* CustomLabelStyle.swift */ = {isa = PBXFileReference; lastKnownFileType = sourcecode.swift; path = CustomLabelStyle.swift; sourceTree = "<group>"; };
		463367062995251000CF5EA3 /* UserEditorContent.swift */ = {isa = PBXFileReference; lastKnownFileType = sourcecode.swift; path = UserEditorContent.swift; sourceTree = "<group>"; };
		46584FC62993E1040025F539 /* list the users.app */ = {isa = PBXFileReference; explicitFileType = wrapper.application; includeInIndex = 0; path = "list the users.app"; sourceTree = BUILT_PRODUCTS_DIR; };
		46584FC92993E1040025F539 /* list_the_usersApp.swift */ = {isa = PBXFileReference; lastKnownFileType = sourcecode.swift; path = list_the_usersApp.swift; sourceTree = "<group>"; };
		46584FCB2993E1040025F539 /* UserListContent.swift */ = {isa = PBXFileReference; lastKnownFileType = sourcecode.swift; path = UserListContent.swift; sourceTree = "<group>"; };
		46584FCD2993E1060025F539 /* Assets.xcassets */ = {isa = PBXFileReference; lastKnownFileType = folder.assetcatalog; path = Assets.xcassets; sourceTree = "<group>"; };
		46584FD02993E1060025F539 /* Preview Assets.xcassets */ = {isa = PBXFileReference; lastKnownFileType = folder.assetcatalog; path = "Preview Assets.xcassets"; sourceTree = "<group>"; };
		46584FDA2993EAF40025F539 /* User.swift */ = {isa = PBXFileReference; lastKnownFileType = sourcecode.swift; path = User.swift; sourceTree = "<group>"; };
		46584FDC2993EB650025F539 /* UserResponse.swift */ = {isa = PBXFileReference; lastKnownFileType = sourcecode.swift; path = UserResponse.swift; sourceTree = "<group>"; };
		46584FDE2993ECD50025F539 /* UsersViewModel.swift */ = {isa = PBXFileReference; lastKnownFileType = sourcecode.swift; path = UsersViewModel.swift; sourceTree = "<group>"; };
		46584FE12993EE780025F539 /* Users.json */ = {isa = PBXFileReference; fileEncoding = 4; lastKnownFileType = text.json; path = Users.json; sourceTree = "<group>"; };
		46584FE42993F03C0025F539 /* ApiManager.swift */ = {isa = PBXFileReference; lastKnownFileType = sourcecode.swift; path = ApiManager.swift; sourceTree = "<group>"; };
		46584FE62993F0960025F539 /* ApiHelper.swift */ = {isa = PBXFileReference; lastKnownFileType = sourcecode.swift; path = ApiHelper.swift; sourceTree = "<group>"; };
		46584FE82993F0C40025F539 /* ApiError.swift */ = {isa = PBXFileReference; lastKnownFileType = sourcecode.swift; path = ApiError.swift; sourceTree = "<group>"; };
		46584FEA2993F10F0025F539 /* ApiEndpoint.swift */ = {isa = PBXFileReference; lastKnownFileType = sourcecode.swift; path = ApiEndpoint.swift; sourceTree = "<group>"; };
		46E56DB02995E1C000CB2512 /* TestOutView.swift */ = {isa = PBXFileReference; lastKnownFileType = sourcecode.swift; path = TestOutView.swift; sourceTree = "<group>"; };
		46E56DB32996977A00CB2512 /* AuthenticateReturnObjct.swift */ = {isa = PBXFileReference; fileEncoding = 4; lastKnownFileType = sourcecode.swift; path = AuthenticateReturnObjct.swift; sourceTree = "<group>"; };
/* End PBXFileReference section */

/* Begin PBXFrameworksBuildPhase section */
		46584FC32993E1040025F539 /* Frameworks */ = {
			isa = PBXFrameworksBuildPhase;
			buildActionMask = 2147483647;
			files = (
			);
			runOnlyForDeploymentPostprocessing = 0;
		};
/* End PBXFrameworksBuildPhase section */

/* Begin PBXGroup section */
		463367032994527E00CF5EA3 /* Custom Styles */ = {
			isa = PBXGroup;
			children = (
				46336704299452A600CF5EA3 /* CustomLabelStyle.swift */,
			);
			path = "Custom Styles";
			sourceTree = "<group>";
		};
		46336708299528F900CF5EA3 /* ContentViews */ = {
			isa = PBXGroup;
			children = (
				46584FCB2993E1040025F539 /* UserListContent.swift */,
				463367062995251000CF5EA3 /* UserEditorContent.swift */,
				463366FF299426A900CF5EA3 /* UserDetailContent.swift */,
				4633670129942D2C00CF5EA3 /* TabBarController.swift */,
				46E56DB02995E1C000CB2512 /* TestOutView.swift */,
			);
			path = ContentViews;
			sourceTree = "<group>";
		};
		46584FBD2993E1040025F539 = {
			isa = PBXGroup;
			children = (
				46584FC82993E1040025F539 /* list the users */,
				46584FC72993E1040025F539 /* Products */,
			);
			sourceTree = "<group>";
		};
		46584FC72993E1040025F539 /* Products */ = {
			isa = PBXGroup;
			children = (
				46584FC62993E1040025F539 /* list the users.app */,
			);
			name = Products;
			sourceTree = "<group>";
		};
		46584FC82993E1040025F539 /* list the users */ = {
			isa = PBXGroup;
			children = (
				463367032994527E00CF5EA3 /* Custom Styles */,
				46336708299528F900CF5EA3 /* ContentViews */,
				46584FD72993EA9C0025F539 /* Models */,
				46584FE32993EFEF0025F539 /* Api */,
				46584FE02993EE460025F539 /* Resources */,
				46584FC92993E1040025F539 /* list_the_usersApp.swift */,
				46584FCF2993E1060025F539 /* Preview Content */,
				46584FCD2993E1060025F539 /* Assets.xcassets */,
			);
			path = "list the users";
			sourceTree = "<group>";
		};
		46584FCF2993E1060025F539 /* Preview Content */ = {
			isa = PBXGroup;
			children = (
				46584FD02993E1060025F539 /* Preview Assets.xcassets */,
			);
			path = "Preview Content";
			sourceTree = "<group>";
		};
		46584FD72993EA9C0025F539 /* Models */ = {
			isa = PBXGroup;
			children = (
				46E56DB22996974400CB2512 /* TeacherAuthentication */,
				46584FD92993EAC40025F539 /* User */,
				46584FD82993EAAC0025F539 /* Users */,
			);
			path = Models;
			sourceTree = "<group>";
		};
		46584FD82993EAAC0025F539 /* Users */ = {
			isa = PBXGroup;
			children = (
				46584FDC2993EB650025F539 /* UserResponse.swift */,
				46584FDE2993ECD50025F539 /* UsersViewModel.swift */,
			);
			path = Users;
			sourceTree = "<group>";
		};
		46584FD92993EAC40025F539 /* User */ = {
			isa = PBXGroup;
			children = (
				46584FDA2993EAF40025F539 /* User.swift */,
			);
			path = User;
			sourceTree = "<group>";
		};
		46584FE02993EE460025F539 /* Resources */ = {
			isa = PBXGroup;
			children = (
				46584FE12993EE780025F539 /* Users.json */,
				463366FE2993F34C00CF5EA3 /* showPawGenerated.md */,
			);
			path = Resources;
			sourceTree = "<group>";
		};
		46584FE32993EFEF0025F539 /* Api */ = {
			isa = PBXGroup;
			children = (
				46584FE42993F03C0025F539 /* ApiManager.swift */,
				46584FE62993F0960025F539 /* ApiHelper.swift */,
				46584FE82993F0C40025F539 /* ApiError.swift */,
				46584FEA2993F10F0025F539 /* ApiEndpoint.swift */,
			);
			path = Api;
			sourceTree = "<group>";
		};
		46E56DB22996974400CB2512 /* TeacherAuthentication */ = {
			isa = PBXGroup;
			children = (
				46E56DB32996977A00CB2512 /* AuthenticateReturnObjct.swift */,
			);
			path = TeacherAuthentication;
			sourceTree = "<group>";
		};
/* End PBXGroup section */

/* Begin PBXNativeTarget section */
		46584FC52993E1040025F539 /* list the users */ = {
			isa = PBXNativeTarget;
			buildConfigurationList = 46584FD42993E1060025F539 /* Build configuration list for PBXNativeTarget "list the users" */;
			buildPhases = (
				46584FC22993E1040025F539 /* Sources */,
				46584FC32993E1040025F539 /* Frameworks */,
				46584FC42993E1040025F539 /* Resources */,
			);
			buildRules = (
			);
			dependencies = (
			);
			name = "list the users";
			productName = "list the users";
			productReference = 46584FC62993E1040025F539 /* list the users.app */;
			productType = "com.apple.product-type.application";
		};
/* End PBXNativeTarget section */

/* Begin PBXProject section */
		46584FBE2993E1040025F539 /* Project object */ = {
			isa = PBXProject;
			attributes = {
				BuildIndependentTargetsInParallel = 1;
				LastSwiftUpdateCheck = 1400;
				LastUpgradeCheck = 1400;
				TargetAttributes = {
					46584FC52993E1040025F539 = {
						CreatedOnToolsVersion = 14.0;
					};
				};
			};
			buildConfigurationList = 46584FC12993E1040025F539 /* Build configuration list for PBXProject "list the users" */;
			compatibilityVersion = "Xcode 14.0";
			developmentRegion = en;
			hasScannedForEncodings = 0;
			knownRegions = (
				en,
				Base,
			);
			mainGroup = 46584FBD2993E1040025F539;
			productRefGroup = 46584FC72993E1040025F539 /* Products */;
			projectDirPath = "";
			projectRoot = "";
			targets = (
				46584FC52993E1040025F539 /* list the users */,
			);
		};
/* End PBXProject section */

/* Begin PBXResourcesBuildPhase section */
		46584FC42993E1040025F539 /* Resources */ = {
			isa = PBXResourcesBuildPhase;
			buildActionMask = 2147483647;
			files = (
				46584FE22993EE780025F539 /* Users.json in Resources */,
				46584FD12993E1060025F539 /* Preview Assets.xcassets in Resources */,
				46584FCE2993E1060025F539 /* Assets.xcassets in Resources */,
			);
			runOnlyForDeploymentPostprocessing = 0;
		};
/* End PBXResourcesBuildPhase section */

/* Begin PBXSourcesBuildPhase section */
		46584FC22993E1040025F539 /* Sources */ = {
			isa = PBXSourcesBuildPhase;
			buildActionMask = 2147483647;
			files = (
				46584FCC2993E1040025F539 /* UserListContent.swift in Sources */,
				463367072995251000CF5EA3 /* UserEditorContent.swift in Sources */,
				46584FCA2993E1040025F539 /* list_the_usersApp.swift in Sources */,
				4633670229942D2C00CF5EA3 /* TabBarController.swift in Sources */,
				46584FDB2993EAF40025F539 /* User.swift in Sources */,
				46584FDD2993EB650025F539 /* UserResponse.swift in Sources */,
				46584FE52993F03C0025F539 /* ApiManager.swift in Sources */,
				46E56DB12995E1C000CB2512 /* TestOutView.swift in Sources */,
				46336700299426A900CF5EA3 /* UserDetailContent.swift in Sources */,
				46E56DB42996977A00CB2512 /* AuthenticateReturnObjct.swift in Sources */,
				46584FE92993F0C40025F539 /* ApiError.swift in Sources */,
				46584FDF2993ECD50025F539 /* UsersViewModel.swift in Sources */,
				46336705299452A600CF5EA3 /* CustomLabelStyle.swift in Sources */,
				46584FE72993F0960025F539 /* ApiHelper.swift in Sources */,
				46584FEB2993F10F0025F539 /* ApiEndpoint.swift in Sources */,
			);
			runOnlyForDeploymentPostprocessing = 0;
		};
/* End PBXSourcesBuildPhase section */

/* Begin XCBuildConfiguration section */
		46584FD22993E1060025F539 /* Debug */ = {
			isa = XCBuildConfiguration;
			buildSettings = {
				ALWAYS_SEARCH_USER_PATHS = NO;
				CLANG_ANALYZER_NONNULL = YES;
				CLANG_ANALYZER_NUMBER_OBJECT_CONVERSION = YES_AGGRESSIVE;
				CLANG_CXX_LANGUAGE_STANDARD = "gnu++20";
				CLANG_ENABLE_MODULES = YES;
				CLANG_ENABLE_OBJC_ARC = YES;
				CLANG_ENABLE_OBJC_WEAK = YES;
				CLANG_WARN_BLOCK_CAPTURE_AUTORELEASING = YES;
				CLANG_WARN_BOOL_CONVERSION = YES;
				CLANG_WARN_COMMA = YES;
				CLANG_WARN_CONSTANT_CONVERSION = YES;
				CLANG_WARN_DEPRECATED_OBJC_IMPLEMENTATIONS = YES;
				CLANG_WARN_DIRECT_OBJC_ISA_USAGE = YES_ERROR;
				CLANG_WARN_DOCUMENTATION_COMMENTS = YES;
				CLANG_WARN_EMPTY_BODY = YES;
				CLANG_WARN_ENUM_CONVERSION = YES;
				CLANG_WARN_INFINITE_RECURSION = YES;
				CLANG_WARN_INT_CONVERSION = YES;
				CLANG_WARN_NON_LITERAL_NULL_CONVERSION = YES;
				CLANG_WARN_OBJC_IMPLICIT_RETAIN_SELF = YES;
				CLANG_WARN_OBJC_LITERAL_CONVERSION = YES;
				CLANG_WARN_OBJC_ROOT_CLASS = YES_ERROR;
				CLANG_WARN_QUOTED_INCLUDE_IN_FRAMEWORK_HEADER = YES;
				CLANG_WARN_RANGE_LOOP_ANALYSIS = YES;
				CLANG_WARN_STRICT_PROTOTYPES = YES;
				CLANG_WARN_SUSPICIOUS_MOVE = YES;
				CLANG_WARN_UNGUARDED_AVAILABILITY = YES_AGGRESSIVE;
				CLANG_WARN_UNREACHABLE_CODE = YES;
				CLANG_WARN__DUPLICATE_METHOD_MATCH = YES;
				COPY_PHASE_STRIP = NO;
				DEBUG_INFORMATION_FORMAT = dwarf;
				ENABLE_STRICT_OBJC_MSGSEND = YES;
				ENABLE_TESTABILITY = YES;
				GCC_C_LANGUAGE_STANDARD = gnu11;
				GCC_DYNAMIC_NO_PIC = NO;
				GCC_NO_COMMON_BLOCKS = YES;
				GCC_OPTIMIZATION_LEVEL = 0;
				GCC_PREPROCESSOR_DEFINITIONS = (
					"DEBUG=1",
					"$(inherited)",
				);
				GCC_WARN_64_TO_32_BIT_CONVERSION = YES;
				GCC_WARN_ABOUT_RETURN_TYPE = YES_ERROR;
				GCC_WARN_UNDECLARED_SELECTOR = YES;
				GCC_WARN_UNINITIALIZED_AUTOS = YES_AGGRESSIVE;
				GCC_WARN_UNUSED_FUNCTION = YES;
				GCC_WARN_UNUSED_VARIABLE = YES;
				IPHONEOS_DEPLOYMENT_TARGET = 16.0;
				MTL_ENABLE_DEBUG_INFO = INCLUDE_SOURCE;
				MTL_FAST_MATH = YES;
				ONLY_ACTIVE_ARCH = YES;
				SDKROOT = iphoneos;
				SWIFT_ACTIVE_COMPILATION_CONDITIONS = DEBUG;
				SWIFT_OPTIMIZATION_LEVEL = "-Onone";
			};
			name = Debug;
		};
		46584FD32993E1060025F539 /* Release */ = {
			isa = XCBuildConfiguration;
			buildSettings = {
				ALWAYS_SEARCH_USER_PATHS = NO;
				CLANG_ANALYZER_NONNULL = YES;
				CLANG_ANALYZER_NUMBER_OBJECT_CONVERSION = YES_AGGRESSIVE;
				CLANG_CXX_LANGUAGE_STANDARD = "gnu++20";
				CLANG_ENABLE_MODULES = YES;
				CLANG_ENABLE_OBJC_ARC = YES;
				CLANG_ENABLE_OBJC_WEAK = YES;
				CLANG_WARN_BLOCK_CAPTURE_AUTORELEASING = YES;
				CLANG_WARN_BOOL_CONVERSION = YES;
				CLANG_WARN_COMMA = YES;
				CLANG_WARN_CONSTANT_CONVERSION = YES;
				CLANG_WARN_DEPRECATED_OBJC_IMPLEMENTATIONS = YES;
				CLANG_WARN_DIRECT_OBJC_ISA_USAGE = YES_ERROR;
				CLANG_WARN_DOCUMENTATION_COMMENTS = YES;
				CLANG_WARN_EMPTY_BODY = YES;
				CLANG_WARN_ENUM_CONVERSION = YES;
				CLANG_WARN_INFINITE_RECURSION = YES;
				CLANG_WARN_INT_CONVERSION = YES;
				CLANG_WARN_NON_LITERAL_NULL_CONVERSION = YES;
				CLANG_WARN_OBJC_IMPLICIT_RETAIN_SELF = YES;
				CLANG_WARN_OBJC_LITERAL_CONVERSION = YES;
				CLANG_WARN_OBJC_ROOT_CLASS = YES_ERROR;
				CLANG_WARN_QUOTED_INCLUDE_IN_FRAMEWORK_HEADER = YES;
				CLANG_WARN_RANGE_LOOP_ANALYSIS = YES;
				CLANG_WARN_STRICT_PROTOTYPES = YES;
				CLANG_WARN_SUSPICIOUS_MOVE = YES;
				CLANG_WARN_UNGUARDED_AVAILABILITY = YES_AGGRESSIVE;
				CLANG_WARN_UNREACHABLE_CODE = YES;
				CLANG_WARN__DUPLICATE_METHOD_MATCH = YES;
				COPY_PHASE_STRIP = NO;
				DEBUG_INFORMATION_FORMAT = "dwarf-with-dsym";
				ENABLE_NS_ASSERTIONS = NO;
				ENABLE_STRICT_OBJC_MSGSEND = YES;
				GCC_C_LANGUAGE_STANDARD = gnu11;
				GCC_NO_COMMON_BLOCKS = YES;
				GCC_WARN_64_TO_32_BIT_CONVERSION = YES;
				GCC_WARN_ABOUT_RETURN_TYPE = YES_ERROR;
				GCC_WARN_UNDECLARED_SELECTOR = YES;
				GCC_WARN_UNINITIALIZED_AUTOS = YES_AGGRESSIVE;
				GCC_WARN_UNUSED_FUNCTION = YES;
				GCC_WARN_UNUSED_VARIABLE = YES;
				IPHONEOS_DEPLOYMENT_TARGET = 16.0;
				MTL_ENABLE_DEBUG_INFO = NO;
				MTL_FAST_MATH = YES;
				SDKROOT = iphoneos;
				SWIFT_COMPILATION_MODE = wholemodule;
				SWIFT_OPTIMIZATION_LEVEL = "-O";
				VALIDATE_PRODUCT = YES;
			};
			name = Release;
		};
		46584FD52993E1060025F539 /* Debug */ = {
			isa = XCBuildConfiguration;
			buildSettings = {
				ASSETCATALOG_COMPILER_APPICON_NAME = AppIcon;
				ASSETCATALOG_COMPILER_GLOBAL_ACCENT_COLOR_NAME = AccentColor;
				CODE_SIGN_STYLE = Automatic;
				CURRENT_PROJECT_VERSION = 1;
				DEVELOPMENT_ASSET_PATHS = "\"list the users/Preview Content\"";
				DEVELOPMENT_TEAM = MZ552MTEJZ;
				ENABLE_PREVIEWS = YES;
				GENERATE_INFOPLIST_FILE = YES;
				INFOPLIST_KEY_UIApplicationSceneManifest_Generation = YES;
				INFOPLIST_KEY_UIApplicationSupportsIndirectInputEvents = YES;
				INFOPLIST_KEY_UILaunchScreen_Generation = YES;
				INFOPLIST_KEY_UISupportedInterfaceOrientations_iPad = "UIInterfaceOrientationPortrait UIInterfaceOrientationPortraitUpsideDown UIInterfaceOrientationLandscapeLeft UIInterfaceOrientationLandscapeRight";
				INFOPLIST_KEY_UISupportedInterfaceOrientations_iPhone = "UIInterfaceOrientationPortrait UIInterfaceOrientationLandscapeLeft UIInterfaceOrientationLandscapeRight";
				LD_RUNPATH_SEARCH_PATHS = (
					"$(inherited)",
					"@executable_path/Frameworks",
				);
				MARKETING_VERSION = 1.0;
				PRODUCT_BUNDLE_IDENTIFIER = "com.developItSolutions.list-the-users";
				PRODUCT_NAME = "$(TARGET_NAME)";
				SWIFT_EMIT_LOC_STRINGS = YES;
				SWIFT_VERSION = 5.0;
				TARGETED_DEVICE_FAMILY = "1,2";
			};
			name = Debug;
		};
		46584FD62993E1060025F539 /* Release */ = {
			isa = XCBuildConfiguration;
			buildSettings = {
				ASSETCATALOG_COMPILER_APPICON_NAME = AppIcon;
				ASSETCATALOG_COMPILER_GLOBAL_ACCENT_COLOR_NAME = AccentColor;
				CODE_SIGN_STYLE = Automatic;
				CURRENT_PROJECT_VERSION = 1;
				DEVELOPMENT_ASSET_PATHS = "\"list the users/Preview Content\"";
				DEVELOPMENT_TEAM = MZ552MTEJZ;
				ENABLE_PREVIEWS = YES;
				GENERATE_INFOPLIST_FILE = YES;
				INFOPLIST_KEY_UIApplicationSceneManifest_Generation = YES;
				INFOPLIST_KEY_UIApplicationSupportsIndirectInputEvents = YES;
				INFOPLIST_KEY_UILaunchScreen_Generation = YES;
				INFOPLIST_KEY_UISupportedInterfaceOrientations_iPad = "UIInterfaceOrientationPortrait UIInterfaceOrientationPortraitUpsideDown UIInterfaceOrientationLandscapeLeft UIInterfaceOrientationLandscapeRight";
				INFOPLIST_KEY_UISupportedInterfaceOrientations_iPhone = "UIInterfaceOrientationPortrait UIInterfaceOrientationLandscapeLeft UIInterfaceOrientationLandscapeRight";
				LD_RUNPATH_SEARCH_PATHS = (
					"$(inherited)",
					"@executable_path/Frameworks",
				);
				MARKETING_VERSION = 1.0;
				PRODUCT_BUNDLE_IDENTIFIER = "com.developItSolutions.list-the-users";
				PRODUCT_NAME = "$(TARGET_NAME)";
				SWIFT_EMIT_LOC_STRINGS = YES;
				SWIFT_VERSION = 5.0;
				TARGETED_DEVICE_FAMILY = "1,2";
			};
			name = Release;
		};
/* End XCBuildConfiguration section */

/* Begin XCConfigurationList section */
		46584FC12993E1040025F539 /* Build configuration list for PBXProject "list the users" */ = {
			isa = XCConfigurationList;
			buildConfigurations = (
				46584FD22993E1060025F539 /* Debug */,
				46584FD32993E1060025F539 /* Release */,
			);
			defaultConfigurationIsVisible = 0;
			defaultConfigurationName = Release;
		};
		46584FD42993E1060025F539 /* Build configuration list for PBXNativeTarget "list the users" */ = {
			isa = XCConfigurationList;
			buildConfigurations = (
				46584FD52993E1060025F539 /* Debug */,
				46584FD62993E1060025F539 /* Release */,
			);
			defaultConfigurationIsVisible = 0;
			defaultConfigurationName = Release;
		};
/* End XCConfigurationList section */
	};
	rootObject = 46584FBE2993E1040025F539 /* Project object */;
}
